
Microsoft Visual Studio Solution File, Format Version 12.00
# Visual Studio Version 16
VisualStudioVersion = 16.0.30907.101
MinimumVisualStudioVersion = 10.0.40219.1
Project("{8BC9CEB8-8B4A-11D0-8D11-00A0C91BC942}") = "GAME1011_Lab1_RussellLi", "GAME1011_Lab1_Russell_Li\GAME1011_Lab1_Russell_Li.vcxproj", "{B5F76EE0-D0BD-4319-92B1-2631D8FCE696}"
EndProject
Project("{8BC9CEB8-8B4A-11D0-8D11-00A0C91BC942}") = "Week2", "Week2\Week2.vcxproj", "{4B677B4E-312F-43DA-92CD-CB7A97F32251}"
EndProject
Global
	GlobalSection(SolutionConfigurationPlatforms) = preSolution
		Debug|x64 = Debug|x64
		Debug|x86 = Debug|x86
		Release|x64 = Release|x64
		Release|x86 = Release|x86
	EndGlobalSection
	GlobalSection(ProjectConfigurationPlatforms) = postSolution
		{B5F76EE0-D0BD-4319-92B1-2631D8FCE696}.Debug|x64.ActiveCfg = Debug|x64
		{B5F76EE0-D0BD-4319-92B1-2631D8FCE696}.Debug|x64.Build.0 = Debug|x64
		{B5F76EE0-D0BD-4319-92B1-2631D8FCE696}.Debug|x86.ActiveCfg = Debug|Win32
		{B5F76EE0-D0BD-4319-92B1-2631D8FCE696}.Debug|x86.Build.0 = Debug|Win32
		{B5F76EE0-D0BD-4319-92B1-2631D8FCE696}.Release|x64.ActiveCfg = Release|x64
		{B5F76EE0-D0BD-4319-92B1-2631D8FCE696}.Release|x64.Build.0 = Release|x64
		{B5F76EE0-D0BD-4319-92B1-2631D8FCE696}.Release|x86.ActiveCfg = Release|Win32
		{B5F76EE0-D0BD-4319-92B1-2631D8FCE696}.Release|x86.Build.0 = Release|Win32
		{4B677B4E-312F-43DA-92CD-CB7A97F32251}.Debug|x64.ActiveCfg = Debug|x64
		{4B677B4E-312F-43DA-92CD-CB7A97F32251}.Debug|x64.Build.0 = Debug|x64
		{4B677B4E-312F-43DA-92CD-CB7A97F32251}.Debug|x86.ActiveCfg = Debug|Win32
		{4B677B4E-312F-43DA-92CD-CB7A97F32251}.Debug|x86.Build.0 = Debug|Win32
		{4B677B4E-312F-43DA-92CD-CB7A97F32251}.Release|x64.ActiveCfg = Release|x64
		{4B677B4E-312F-43DA-92CD-CB7A97F32251}.Release|x64.Build.0 = Release|x64
		{4B677B4E-312F-43DA-92CD-CB7A97F32251}.Release|x86.ActiveCfg = Release|Win32
		{4B677B4E-312F-43DA-92CD-CB7A97F32251}.Release|x86.Build.0 = Release|Win32
	EndGlobalSection
	GlobalSection(SolutionProperties) = preSolution
		HideSolutionNode = FALSE
	EndGlobalSection
	GlobalSection(ExtensibilityGlobals) = postSolution
		SolutionGuid = {50E4AD5A-45D6-40F1-9A8B-A90DCFF4E3B9}
	EndGlobalSection
EndGlobal
